
Microsoft Visual Studio Solution File, Format Version 12.00
# Visual Studio Version 16
VisualStudioVersion = 16.0.30406.217
MinimumVisualStudioVersion = 10.0.40219.1
Project("{FAE04EC0-301F-11D3-BF4B-00C04F79EFBC}") = "Pocher", "Pocher\Pocher.csproj", "{BA21DAD2-6EE6-49BF-A2AB-382FD0EC24DD}"
EndProject
Global
	GlobalSection(SolutionConfigurationPlatforms) = preSolution
		Debug|Any CPU = Debug|Any CPU
		Release|Any CPU = Release|Any CPU
	EndGlobalSection
	GlobalSection(ProjectConfigurationPlatforms) = postSolution
		{BA21DAD2-6EE6-49BF-A2AB-382FD0EC24DD}.Debug|Any CPU.ActiveCfg = Debug|Any CPU
		{BA21DAD2-6EE6-49BF-A2AB-382FD0EC24DD}.Debug|Any CPU.Build.0 = Debug|Any CPU
		{BA21DAD2-6EE6-49BF-A2AB-382FD0EC24DD}.Release|Any CPU.ActiveCfg = Release|Any CPU
		{BA21DAD2-6EE6-49BF-A2AB-382FD0EC24DD}.Release|Any CPU.Build.0 = Release|Any CPU
	EndGlobalSection
	GlobalSection(SolutionProperties) = preSolution
		HideSolutionNode = FALSE
	EndGlobalSection
	GlobalSection(ExtensibilityGlobals) = postSolution
		SolutionGuid = {3BD765DA-96F8-477F-883C-A5157914F288}
	EndGlobalSection
EndGlobal
